
Microsoft Visual Studio Solution File, Format Version 12.00
# Visual Studio Version 17
VisualStudioVersion = 17.14.36310.24 d17.14
MinimumVisualStudioVersion = 10.0.40219.1
Project("{FAE04EC0-301F-11D3-BF4B-00C04F79EFBC}") = "Assignment5.4.1", "Assignment5.4.1.csproj", "{5387FB65-592A-4ECB-8527-2EB4A67D209B}"
EndProject
Global
	GlobalSection(SolutionConfigurationPlatforms) = preSolution
		Debug|Any CPU = Debug|Any CPU
		Release|Any CPU = Release|Any CPU
	EndGlobalSection
	GlobalSection(ProjectConfigurationPlatforms) = postSolution
		{5387FB65-592A-4ECB-8527-2EB4A67D209B}.Debug|Any CPU.ActiveCfg = Debug|Any CPU
		{5387FB65-592A-4ECB-8527-2EB4A67D209B}.Debug|Any CPU.Build.0 = Debug|Any CPU
		{5387FB65-592A-4ECB-8527-2EB4A67D209B}.Release|Any CPU.ActiveCfg = Release|Any CPU
		{5387FB65-592A-4ECB-8527-2EB4A67D209B}.Release|Any CPU.Build.0 = Release|Any CPU
	EndGlobalSection
	GlobalSection(SolutionProperties) = preSolution
		HideSolutionNode = FALSE
	EndGlobalSection
	GlobalSection(ExtensibilityGlobals) = postSolution
		SolutionGuid = {D8AB1794-2281-4196-BD35-30F8092F6CFA}
	EndGlobalSection
EndGlobal
